
Microsoft Visual Studio Solution File, Format Version 12.00
# Visual Studio 15
VisualStudioVersion = 15.0.27703.2018
MinimumVisualStudioVersion = 10.0.40219.1
Project("{FAE04EC0-301F-11D3-BF4B-00C04F79EFBC}") = "Crawler", "Crawler\Crawler.csproj", "{1EDFE3B0-CB43-4545-8BB0-C2EC18279EA4}"
EndProject
Project("{FAE04EC0-301F-11D3-BF4B-00C04F79EFBC}") = "Crawler.Tests", "Crawler.Tests\Crawler.Tests.csproj", "{40169FB1-8523-41FD-96EE-FE1FC8A10E34}"
EndProject
Global
	GlobalSection(SolutionConfigurationPlatforms) = preSolution
		Debug|Any CPU = Debug|Any CPU
		Release|Any CPU = Release|Any CPU
	EndGlobalSection
	GlobalSection(ProjectConfigurationPlatforms) = postSolution
		{1EDFE3B0-CB43-4545-8BB0-C2EC18279EA4}.Debug|Any CPU.ActiveCfg = Debug|Any CPU
		{1EDFE3B0-CB43-4545-8BB0-C2EC18279EA4}.Debug|Any CPU.Build.0 = Debug|Any CPU
		{1EDFE3B0-CB43-4545-8BB0-C2EC18279EA4}.Release|Any CPU.ActiveCfg = Release|Any CPU
		{1EDFE3B0-CB43-4545-8BB0-C2EC18279EA4}.Release|Any CPU.Build.0 = Release|Any CPU
		{40169FB1-8523-41FD-96EE-FE1FC8A10E34}.Debug|Any CPU.ActiveCfg = Debug|Any CPU
		{40169FB1-8523-41FD-96EE-FE1FC8A10E34}.Debug|Any CPU.Build.0 = Debug|Any CPU
		{40169FB1-8523-41FD-96EE-FE1FC8A10E34}.Release|Any CPU.ActiveCfg = Release|Any CPU
		{40169FB1-8523-41FD-96EE-FE1FC8A10E34}.Release|Any CPU.Build.0 = Release|Any CPU
	EndGlobalSection
	GlobalSection(SolutionProperties) = preSolution
		HideSolutionNode = FALSE
	EndGlobalSection
	GlobalSection(ExtensibilityGlobals) = postSolution
		SolutionGuid = {0B875816-59B3-4BC5-8AA6-F88DAA3B92EB}
	EndGlobalSection
EndGlobal
